
Microsoft Visual Studio Solution File, Format Version 12.00
# Visual Studio Version 17
VisualStudioVersion = 17.7.34024.191
MinimumVisualStudioVersion = 10.0.40219.1
Project("{FAE04EC0-301F-11D3-BF4B-00C04F79EFBC}") = "Звоники2", "Звоники2.csproj", "{4132E221-9CD8-4451-BFA2-8A5C2A32A011}"
EndProject
Global
	GlobalSection(SolutionConfigurationPlatforms) = preSolution
		Debug|Any CPU = Debug|Any CPU
		Release|Any CPU = Release|Any CPU
	EndGlobalSection
	GlobalSection(ProjectConfigurationPlatforms) = postSolution
		{4132E221-9CD8-4451-BFA2-8A5C2A32A011}.Debug|Any CPU.ActiveCfg = Debug|Any CPU
		{4132E221-9CD8-4451-BFA2-8A5C2A32A011}.Debug|Any CPU.Build.0 = Debug|Any CPU
		{4132E221-9CD8-4451-BFA2-8A5C2A32A011}.Release|Any CPU.ActiveCfg = Release|Any CPU
		{4132E221-9CD8-4451-BFA2-8A5C2A32A011}.Release|Any CPU.Build.0 = Release|Any CPU
	EndGlobalSection
	GlobalSection(SolutionProperties) = preSolution
		HideSolutionNode = FALSE
	EndGlobalSection
	GlobalSection(ExtensibilityGlobals) = postSolution
		SolutionGuid = {9B0B891B-FB52-4637-ACAD-5F287B12B7BB}
	EndGlobalSection
EndGlobal
