
Microsoft Visual Studio Solution File, Format Version 12.00
# Visual Studio Version 17
VisualStudioVersion = 17.7.34024.191
MinimumVisualStudioVersion = 10.0.40219.1
Project("{FAE04EC0-301F-11D3-BF4B-00C04F79EFBC}") = "Коммивояжёр литл биг", "Коммивояжёр литл биг.csproj", "{0CF85E76-8103-4128-B5D3-E3B9D54DCB78}"
EndProject
Global
	GlobalSection(SolutionConfigurationPlatforms) = preSolution
		Debug|Any CPU = Debug|Any CPU
		Release|Any CPU = Release|Any CPU
	EndGlobalSection
	GlobalSection(ProjectConfigurationPlatforms) = postSolution
		{0CF85E76-8103-4128-B5D3-E3B9D54DCB78}.Debug|Any CPU.ActiveCfg = Debug|Any CPU
		{0CF85E76-8103-4128-B5D3-E3B9D54DCB78}.Debug|Any CPU.Build.0 = Debug|Any CPU
		{0CF85E76-8103-4128-B5D3-E3B9D54DCB78}.Release|Any CPU.ActiveCfg = Release|Any CPU
		{0CF85E76-8103-4128-B5D3-E3B9D54DCB78}.Release|Any CPU.Build.0 = Release|Any CPU
	EndGlobalSection
	GlobalSection(SolutionProperties) = preSolution
		HideSolutionNode = FALSE
	EndGlobalSection
	GlobalSection(ExtensibilityGlobals) = postSolution
		SolutionGuid = {C934A52A-06B3-41A4-ADA0-25D87D898435}
	EndGlobalSection
EndGlobal
