
Microsoft Visual Studio Solution File, Format Version 12.00
# Visual Studio Version 17
VisualStudioVersion = 17.7.34024.191
MinimumVisualStudioVersion = 10.0.40219.1
Project("{FAE04EC0-301F-11D3-BF4B-00C04F79EFBC}") = "Зельеварение", "Зельеварение.csproj", "{C21DBDE7-CC1C-4D19-A021-4115CAA2F690}"
EndProject
Global
	GlobalSection(SolutionConfigurationPlatforms) = preSolution
		Debug|Any CPU = Debug|Any CPU
		Release|Any CPU = Release|Any CPU
	EndGlobalSection
	GlobalSection(ProjectConfigurationPlatforms) = postSolution
		{C21DBDE7-CC1C-4D19-A021-4115CAA2F690}.Debug|Any CPU.ActiveCfg = Debug|Any CPU
		{C21DBDE7-CC1C-4D19-A021-4115CAA2F690}.Debug|Any CPU.Build.0 = Debug|Any CPU
		{C21DBDE7-CC1C-4D19-A021-4115CAA2F690}.Release|Any CPU.ActiveCfg = Release|Any CPU
		{C21DBDE7-CC1C-4D19-A021-4115CAA2F690}.Release|Any CPU.Build.0 = Release|Any CPU
	EndGlobalSection
	GlobalSection(SolutionProperties) = preSolution
		HideSolutionNode = FALSE
	EndGlobalSection
	GlobalSection(ExtensibilityGlobals) = postSolution
		SolutionGuid = {81357852-9FC1-494E-9645-A2E9DE5A3B9C}
	EndGlobalSection
EndGlobal
